{
  "version": 1,
  "writtenAt": "2026-06-19T13:06:18.6150293Z",
  "standardVersion": "v1.16.1",
  "files": {
    ".editorconfig": "173392d33238156622cdc07b0b9dc1a8bc5ba46930835ba3b43aa072aafb8b09",
    ".gitattributes": "1c25f38be651b676aef217462b9a7f917395e99f3bceef7ef10febf11ceb16b4",
    ".github/CODEOWNERS": "14c5d7c9ae13c43920ddc2969f831932de454e8e2c86dca6e489a6b4ba3aa172",
    ".github/dependabot.yml": "4d3ec592e463bf69d19f8a20da01941848e44be4b4be7721b53aa99a613b823b",
    ".github/ISSUE_TEMPLATE/bug.yml": "31ad45be6b012d04d82d1bd710d1a95cf9082ce17769ff294aa4f2d7825edc65",
    ".github/ISSUE_TEMPLATE/chore.yml": "47a257aa129dca8d1550ed3acff2156a326ecb393cd2f49bbaa86238d4294197",
    ".github/ISSUE_TEMPLATE/feature.yml": "bbc7e101e43fc1bff6c0b84360bea366235c77b99f437c82fb483147aec778bc",
    ".github/PULL_REQUEST_TEMPLATE.md": "0b40dba389c76a56f9b2b2dac9cee203c8672b2e0aaa9dc3bc646f42f73cfd35",
    ".github/workflows/ci.yml": "fb290cb3ce51e9e207742f985d8c8e0e535d702e259d7e7a77fd52674a3c12fa",
    ".github/workflows/mirror-bitbucket.yml": "b1c78fbc86920edc7cd4129cbd3bdbb93de5c194d3dd66ceeacfca2027550647",
    ".github/workflows/release.yml": "ff582ce9f0ff9a59d3615d80573b281f5cc8815c4d2e0a9fecb2971d50cbde67",
    ".gitignore": "d9470706911ba7b80180a0da4509b1e07445f30bd4713a53ae03700368264996",
    ".vscode/extensions.json": "596315c2fed87a4a7caedf39ffe8de88c7ee85acb68264fce991ee76e7f46755",
    "BannedSymbols.txt": "0179257c8e36fe849785db294d5b00181125d17b2ac9769d68331e232fba6b35",
    "bitbucket-pipelines.yml": "06e6e02315fe5f1fb88e60da0c8a2c16ce81a10a255c7a2011913f5d26c1512d",
    "CLAUDE.md": "6af9fda89b153e2ec6b2f099b3d51f1994549a9e99c1a689b4d89b09394b8b0c",
    "Directory.Build.props": "d379144d4c6516aae26fbeaa25317225f81c5615ebc93660f60e3ff28716501f",
    "Directory.Packages.props": "35ef7e619835fc09ace116615a35703c3733e43a8961d217c3570149dbb2c0ec",
    "docs/README_TEMPLATE.md": "172827d08c93b2e54bbc5e6d526fc0892d2858680aa49df70a95bee890589ad1",
    "docs/STANDARD_TEMPLATE.md": "9cab43948ecff6a02f9ca9a0ea978625cbfb468d2d797dc21cbde21786265c1f",
    "docs/Standards/APP_DATA.md": "d2811fc7d3546ab496c3ec0eb4842b44e65fc04fd0166494771778bad69868af",
    "docs/Standards/APP_SHELL.md": "5c47b17a1b84bf01704eea4c7a09c835b5714675db4d91c0555284db49854225",
    "docs/Standards/BUILD_CONFIG.md": "3030df41993b22fe51ed4c035d8cdf21e61e279c0f83d6c221d86aa6d6ec468a",
    "docs/Standards/CANCELLATION.md": "44b900e1954143a9d2f583b8fafc04b9becd0d05f884d6cee2dfae7fdff0363f",
    "docs/Standards/CI.md": "8b457d4cc563f521887d8ebde662e322ea310fccb3b74b00f28db18d20c6c1bc",
    "docs/Standards/CLIENT_REGISTRATION.md": "7505fcefcead1061eac5933c3ee0b79a6bba2b0eb25637b8f7e25cecacb112e1",
    "docs/Standards/COMMENTS.md": "cff6b37aed2506578d4bbb03a815993321e20206bb515aed7a63f6e24e598fe6",
    "docs/Standards/CONFIGURATION.md": "7a2a66adc5e87cd673805cba158cbc6e90026a758a6c931858af80a03c327d79",
    "docs/Standards/DESIGN_SYSTEM.md": "91ffa1f13b8e68775110acfc738f03746bf8d0c2cb993b0b47d233542eb43513",
    "docs/Standards/ERROR_HANDLING.md": "5d21b2ea2215517083278e713c7c70255c27839c42c2ccdcbaf8fc5e83b2e51c",
    "docs/Standards/EVENTARGS.md": "e6a4b802ae36afca4d862d4a768a016f09d94dd9fa7eca67bcbc9ff4dde0d94f",
    "docs/Standards/GUI.md": "021d09dec5a8281a8d4446ca5e7d50ae2c5e722c289ce12d42a136e95c25c61f",
    "docs/Standards/LANGUAGE.md": "f9fd0fee1fdb102950e9f96d33d78a7b540171e2b624ae76feeb37f34040cd45",
    "docs/Standards/LOGGING.md": "6e7e0b4007fb6de56fe66fae15ce014810b8862a963e66a989122bc632ff4ea0",
    "docs/Standards/MIGRATION.md": "9491864bb4b554741a4425211068ced3799114d1288ecda99c7be2a2c997f059",
    "docs/Standards/MODULE_SEPARATION.md": "9387a045aab8979dce7e1f902f17f47b51d9a469429fbf35c04bccfc86e548ec",
    "docs/Standards/PORTABILITY.md": "1f6eecf68238bee0219399ec55fe8e7c23d9f3825c14a2d1d6e6de20c5e6f255",
    "docs/Standards/README.md": "5ad066d5866d94c379dd38c0056112354e9333af2fe3d94582f20be8a362f6ae",
    "docs/Standards/REPO_STRUCTURE.md": "5659958c56831ce3f444f9005e83d15d6658079e10db2f50e2a23454ed0d6f84",
    "docs/Standards/TESTING.md": "b9ff737293184ca1f0091288f7435121a5738a290bdfda9d469a4500b2e6b4ff",
    "docs/Standards/THREAD_SAFETY.md": "2269e80a0902c022e9bcc884865f1566a86f7b7ff0a1b0268a6d32d029cc21df",
    "docs/Standards/VISIBILITY.md": "b0dd3b7eaa8d3ee308b4635de3fa2cf2b618efefc2db2960817d6fa91e20a3a5",
    "eng/install-hooks.ps1": "ebd86aae2abbbca3065eef2708d9b7d7fd3b1ac822a7a11f4daa28bfab9783fd",
    "eng/install-hooks.sh": "1baeaf600b3e092113b937d9ce81c23e818984e14ebcb0e92ee40b984784bcd6",
    "global.json": "20c93ca7812d0a9825eef71217156f95ab2f4fe5aadfeb22ebc1c24b630018d3",
    "README.md": "c8043373c8b515630e6f96adcdccdd7daaa3d9c7a78697e381958ecfd5671fbd",
    "src/ButtonPanelTester.GUI/Resources/branding/app-icons/stem-app-icon-mono-white.ico": "f7705fd7b8f7ac84f004bcecf86d0f3018497be282d5b91bcf9a7a9dc1e60c3e",
    "src/ButtonPanelTester.GUI/Resources/branding/app-icons/stem-app-icon-mono-white.png": "3053fe11e17660037c3bec4cbd9a3d866ce8e4e02f703082a89f5458fe2b324b",
    "src/ButtonPanelTester.GUI/Resources/branding/app-icons/stem-app-icon-mono-white.svg": "a59150c1aef3612acfcff797ba4ad90cfd67484a80f4a74da935520851b19be0",
    "src/ButtonPanelTester.GUI/Resources/branding/app-icons/stem-app-icon-positive.ico": "8970204cd65130daa9090eab276bed86d233dcc4b143efc3ea916be4e3c8d455",
    "src/ButtonPanelTester.GUI/Resources/branding/app-icons/stem-app-icon-positive.png": "8ed7560b639ce35ae68313759ee8b4b7bd359cfc0dd47e6765160c4d5c324aef",
    "src/ButtonPanelTester.GUI/Resources/branding/app-icons/stem-app-icon-positive.svg": "ff689f85f3c905f59b70bb4b5f8839e4ce5913e4ac649d0ec72a7ec21ed0132a",
    "src/ButtonPanelTester.GUI/Resources/branding/brand-marks/mono-white/stem-commercial-vehicles.png": "3b2037329d62a47d3f499e444b98f60973b7e81dffbe054f7e26f1cbd7f52eda",
    "src/ButtonPanelTester.GUI/Resources/branding/brand-marks/mono-white/stem-commercial-vehicles.svg": "9c5e4a4e3743f99a0a999c4c87faa9595ab2e9e7881f2f7df420453b1baa492d",
    "src/ButtonPanelTester.GUI/Resources/branding/brand-marks/mono-white/stem-corporate.png": "fe5765a797ec790c685e995908f761cc276f2403cb46f2b4d365fc19a4727016",
    "src/ButtonPanelTester.GUI/Resources/branding/brand-marks/mono-white/stem-corporate.svg": "865cb5b98808a21a9b471c7ce894cb860fc0e90e0536453ced421c28ac17d775",
    "src/ButtonPanelTester.GUI/Resources/branding/brand-marks/mono-white/stem-ems.png": "b2174540811395bd9956da35bfe4b6c6f0f060e4c008dfbb6732c3ad6b30284d",
    "src/ButtonPanelTester.GUI/Resources/branding/brand-marks/mono-white/stem-ems.svg": "ff478c45060f8b3873d0a5e52c9cd9514e7254f32db8ea4db270573cd2b8b629",
    "src/ButtonPanelTester.GUI/Resources/branding/brand-marks/mono-white/stem-marine.png": "c1e88bd37b41f148a960bde3a9603cbf6f74ffa30052a6f9fda48cd6a2a5d938",
    "src/ButtonPanelTester.GUI/Resources/branding/brand-marks/mono-white/stem-marine.svg": "e011d4090a89c3bf0c67d0470a6cdda2aac38781e034219b4dd2d3e7b091541b",
    "src/ButtonPanelTester.GUI/Resources/branding/brand-marks/negative/stem-commercial-vehicles.png": "27fa7733e1882581efe72bcd2ed97892e70fc857f67ebc77213ce5c802a09497",
    "src/ButtonPanelTester.GUI/Resources/branding/brand-marks/negative/stem-commercial-vehicles.svg": "8279724c3630881ffe2ef8e9f33a2b1e4f476c9751508d7f59effa311cb55fe2",
    "src/ButtonPanelTester.GUI/Resources/branding/brand-marks/negative/stem-corporate.png": "61e2051ffe6c8df96903560fb899c505e1a62e968c7c2050380f3b7bcd929b91",
    "src/ButtonPanelTester.GUI/Resources/branding/brand-marks/negative/stem-corporate.svg": "865cb5b98808a21a9b471c7ce894cb860fc0e90e0536453ced421c28ac17d775",
    "src/ButtonPanelTester.GUI/Resources/branding/brand-marks/negative/stem-ems.png": "9e6ed87c996c7e1beb2c56b169a4b9a77d7e3e2ea85d8381c3e0547893e3af2e",
    "src/ButtonPanelTester.GUI/Resources/branding/brand-marks/negative/stem-ems.svg": "c074565b1a2a03edbcae3e74c3a0a8a9cd99d6d0081004c7484e8734df6aa897",
    "src/ButtonPanelTester.GUI/Resources/branding/brand-marks/negative/stem-marine.png": "3ffdf71828d4b61b7fcfd7e51dfc94632f8a79010d26d6f4bfa756e4d8d0ebd4",
    "src/ButtonPanelTester.GUI/Resources/branding/brand-marks/negative/stem-marine.svg": "2e76807860aa68bfe499d02f758f006243333685e58ed477053237763ffefe15",
    "src/ButtonPanelTester.GUI/Resources/branding/brand-marks/positive/stem-commercial-vehicles.png": "2551c923d7b210e00509a86e6c433048b3f1ac02b1ec092b0a207e9594a65d50",
    "src/ButtonPanelTester.GUI/Resources/branding/brand-marks/positive/stem-commercial-vehicles.svg": "80ccc4831e326e63195ae7783eb1545ccac13cfe27ba8f5cc0af3f83d13e3eec",
    "src/ButtonPanelTester.GUI/Resources/branding/brand-marks/positive/stem-corporate.png": "8b14b0dbf4191ede950338b244af7eb54b889d07dc5fc7f3e964b4e73803acd9",
    "src/ButtonPanelTester.GUI/Resources/branding/brand-marks/positive/stem-corporate.svg": "d13f1d99522ad48946cebaa230ae2384b0e7c47d21886009fece51e5fb7cac4b",
    "src/ButtonPanelTester.GUI/Resources/branding/brand-marks/positive/stem-ems.png": "c8e259a9435d8ec0c602ede91141e41024eee6287f17377f80f759c365f1c250",
    "src/ButtonPanelTester.GUI/Resources/branding/brand-marks/positive/stem-ems.svg": "56bb2afd0526af45fda74c14d9fb88ceae4c17c79fce4f3e36d2d8d5075ac73d",
    "src/ButtonPanelTester.GUI/Resources/branding/brand-marks/positive/stem-marine.png": "f974ce75c5d26102a43b6c592ecf443de9efab63e36bec64bdfe5b37b383106e",
    "src/ButtonPanelTester.GUI/Resources/branding/brand-marks/positive/stem-marine.svg": "865327d5c3a7e628011ebc6d794e0ace6d77b0a85c5182e206e956f668127b86",
    "src/ButtonPanelTester.GUI/Resources/branding/symbols/mono-white/stem-commercial-vehicles.png": "1c4f958fbccea3f0919ade6217e43559ddf64070179f743460969a6b510ad122",
    "src/ButtonPanelTester.GUI/Resources/branding/symbols/mono-white/stem-commercial-vehicles.svg": "fa9509e4942f7a78325247054972e213bccf4d21aa2561dd9d75c417175f107f",
    "src/ButtonPanelTester.GUI/Resources/branding/symbols/mono-white/stem-corporate.png": "7ccba2374e9bee0f3a64e479f75dab5b552d0e86369ed18fed3fb50ad00fa024",
    "src/ButtonPanelTester.GUI/Resources/branding/symbols/mono-white/stem-corporate.svg": "b1c21a1fb9d837c9da825267e5ee09491790f572df6e36a7375b8181539ada17",
    "src/ButtonPanelTester.GUI/Resources/branding/symbols/mono-white/stem-ems.png": "11a82c3a29c6aaaa01b215dc8aa74fdb8c90848b9001d52199703b782219655f",
    "src/ButtonPanelTester.GUI/Resources/branding/symbols/mono-white/stem-ems.svg": "b0f9f92d25d91be82c92727b2ed71aeb939abc1facfc224ed4c1c66d218aaca9",
    "src/ButtonPanelTester.GUI/Resources/branding/symbols/mono-white/stem-marine.png": "f9e948c79a508955e12660b385c136065ff0526732b1d790c076687015537079",
    "src/ButtonPanelTester.GUI/Resources/branding/symbols/mono-white/stem-marine.svg": "7fb131487148ec78ed212215962638116ec668f0901d0d646545f3dfa0b81679",
    "src/ButtonPanelTester.GUI/Resources/branding/symbols/negative/stem-commercial-vehicles.png": "4e7269169165977bb1d8c0f315533803d390bc9fc7e8a91ee38f2f45dd6c03ea",
    "src/ButtonPanelTester.GUI/Resources/branding/symbols/negative/stem-commercial-vehicles.svg": "40779c1cee8a7410cbb7b3b0400dbdb150947a4ef981f6f6859a10c324321159",
    "src/ButtonPanelTester.GUI/Resources/branding/symbols/negative/stem-corporate.png": "5956378187586baa112df67bfc0ff78798d19fae52ee3e722812450808b70347",
    "src/ButtonPanelTester.GUI/Resources/branding/symbols/negative/stem-corporate.svg": "b1c21a1fb9d837c9da825267e5ee09491790f572df6e36a7375b8181539ada17",
    "src/ButtonPanelTester.GUI/Resources/branding/symbols/negative/stem-ems.png": "2fe52010ab04bb875d7866acfa0d9d4ce1fa92eed6c4f6a0d8f8f41f2024544c",
    "src/ButtonPanelTester.GUI/Resources/branding/symbols/negative/stem-ems.svg": "7c42df5c3725d15a42a431739ca0bb13d1fcada4b4b3c343408f3541669ba968",
    "src/ButtonPanelTester.GUI/Resources/branding/symbols/negative/stem-marine.png": "9fed2b28ccc44e8215340c8bc459a9484628fda6dbb2fea41e681bb51ebd2f91",
    "src/ButtonPanelTester.GUI/Resources/branding/symbols/negative/stem-marine.svg": "d827cb641398cb5ed026f378ccea10ddecdf6cc474325c5dccf5b2d173317699",
    "src/ButtonPanelTester.GUI/Resources/branding/symbols/positive/stem-commercial-vehicles.png": "b24c62c102f155ad112cf9244c7786f24e58fa3a64daa843390356eff7bfc830",
    "src/ButtonPanelTester.GUI/Resources/branding/symbols/positive/stem-commercial-vehicles.svg": "5fe0df261fb40c7a8472c39ddb908414647f455aa26920d1d78fd1439e19ca09",
    "src/ButtonPanelTester.GUI/Resources/branding/symbols/positive/stem-corporate.png": "e2b89f9a69863a771cd137e445b33dcba3cbdf325410b007cfab5059c6e36b59",
    "src/ButtonPanelTester.GUI/Resources/branding/symbols/positive/stem-corporate.svg": "efd3a7468bb2b74e8c9534ce5e34ac0e14b8ae8d9ad0ec69ef921f347d24b94a",
    "src/ButtonPanelTester.GUI/Resources/branding/symbols/positive/stem-ems.png": "bac72e3833356e8d4a9c744a34cf427f794dca4bb410a7a73bcb7ad4deb979ea",
    "src/ButtonPanelTester.GUI/Resources/branding/symbols/positive/stem-ems.svg": "eea8fb883130bb3eeea25700d5962084e1e300dfe75a287a9112f5f5ef5d83ed",
    "src/ButtonPanelTester.GUI/Resources/branding/symbols/positive/stem-marine.png": "5f9ad0fc1f278ba2a50479488262f1d1fb86430c2c9b9e246e94d04ead539f89",
    "src/ButtonPanelTester.GUI/Resources/branding/symbols/positive/stem-marine.svg": "918f5fc412539c7b17282a8b0fe1157d18af359a244ee936c7935d6160891359",
    "src/ButtonPanelTester.GUI/Resources/fonts/OFL.txt": "6be04893d770899a015649c7aa3b582f871b272f8747a92b78b17c3e5c8b2573",
    "src/ButtonPanelTester.GUI/Resources/fonts/Poppins-Bold.ttf": "983676516167748b74de6f4771fb384c664fd913acb8b471122ecacf5da5ea6c",
    "src/ButtonPanelTester.GUI/Resources/fonts/Poppins-Light.ttf": "650ba57fa99d12ec40c31ccfb680be656be4497fbe14164617d67e32ffe9cd46",
    "src/ButtonPanelTester.GUI/Resources/fonts/Poppins-Medium.ttf": "90373e7d838d32468438fc3e152dca0bdb12edcab99ea639f158790b1ba1fd05",
    "src/ButtonPanelTester.GUI/Resources/fonts/Poppins-Regular.ttf": "7e65201e9b79159e2300267cc885e16c8dcef2424cdfa09a29bfb0980a94a7ba",
    "src/ButtonPanelTester.GUI/Resources/fonts/Poppins-SemiBold.ttf": "d3bf1bdaf0550e83da9ac0b1d1d9fe6db086835a83aa28578e609a394b9a0286"
  }
}