{
  "version": 1,
  "writtenAt": "2026-05-13T12:11:33.7895371Z",
  "standardVersion": "v1.5.0",
  "files": {
    ".editorconfig": "173392d33238156622cdc07b0b9dc1a8bc5ba46930835ba3b43aa072aafb8b09",
    ".gitattributes": "801affa65d49614d5642b237662ac2296300574c9ae0907296c24c08a3ac8ac1",
    ".github/CODEOWNERS": "14c5d7c9ae13c43920ddc2969f831932de454e8e2c86dca6e489a6b4ba3aa172",
    ".github/dependabot.yml": "6a76e4a27c3f2da47b4a7dbcbd58848ba72029c1c240b57cf742203e6ce7e838",
    ".github/ISSUE_TEMPLATE/bug.yml": "31ad45be6b012d04d82d1bd710d1a95cf9082ce17769ff294aa4f2d7825edc65",
    ".github/ISSUE_TEMPLATE/chore.yml": "47a257aa129dca8d1550ed3acff2156a326ecb393cd2f49bbaa86238d4294197",
    ".github/ISSUE_TEMPLATE/feature.yml": "bbc7e101e43fc1bff6c0b84360bea366235c77b99f437c82fb483147aec778bc",
    ".github/PULL_REQUEST_TEMPLATE.md": "0b40dba389c76a56f9b2b2dac9cee203c8672b2e0aaa9dc3bc646f42f73cfd35",
    ".github/workflows/ci.yml": "3d80535894d898eaccdf13e70ec700028469fe09d78ebdd0ec9a6634aa479397",
    ".github/workflows/mirror-bitbucket.yml": "3c9e42c4f0fc72be076e22b324ae03e5599c7e6728ddf33ba4b75c90ae929869",
    ".github/workflows/release.yml": "9072b1c3111e6a1f42d61218ea207a2e9e03e4c549aa59a6a4e2bd3cb3907af7",
    ".gitignore": "d9470706911ba7b80180a0da4509b1e07445f30bd4713a53ae03700368264996",
    ".vscode/extensions.json": "596315c2fed87a4a7caedf39ffe8de88c7ee85acb68264fce991ee76e7f46755",
    "BannedSymbols.txt": "0179257c8e36fe849785db294d5b00181125d17b2ac9769d68331e232fba6b35",
    "bitbucket-pipelines.yml": "06e6e02315fe5f1fb88e60da0c8a2c16ce81a10a255c7a2011913f5d26c1512d",
    "CHANGELOG.md": "33ce7dc3303d34d15c9b6635be3afa85fa402c844823d941f026294a69341be9",
    "CLAUDE.md": "41a9a4fea70b2a70d8d2896c73b286757d193dae94506e3781168a6df9ab0c83",
    "Directory.Build.props": "d379144d4c6516aae26fbeaa25317225f81c5615ebc93660f60e3ff28716501f",
    "Directory.Packages.props": "6d38fbbf0baca47516bafd338bc025cbfa98d793cc270b3d93309e877b1b4ef1",
    "docs/README_TEMPLATE.md": "172827d08c93b2e54bbc5e6d526fc0892d2858680aa49df70a95bee890589ad1",
    "docs/STANDARD_TEMPLATE.md": "9cab43948ecff6a02f9ca9a0ea978625cbfb468d2d797dc21cbde21786265c1f",
    "docs/Standards/APP_SHELL.md": "5c47b17a1b84bf01704eea4c7a09c835b5714675db4d91c0555284db49854225",
    "docs/Standards/BUILD_CONFIG.md": "3030df41993b22fe51ed4c035d8cdf21e61e279c0f83d6c221d86aa6d6ec468a",
    "docs/Standards/CANCELLATION.md": "d304c48b54a9a09d3f7ab2eec825002f776c0e32b46760b47e0e26fce05fca78",
    "docs/Standards/CI.md": "dbfff0c25151b003d87b8c9dd85a3e19b0d7b1e8ff3b323d041b288013bfe688",
    "docs/Standards/COMMENTS.md": "cff6b37aed2506578d4bbb03a815993321e20206bb515aed7a63f6e24e598fe6",
    "docs/Standards/CONFIGURATION.md": "e8607e5f2cc1ce5c79f841de538692bfed62706150569473e1ace7c1b09d9be8",
    "docs/Standards/DESIGN_SYSTEM.md": "3381d165f6441a8a6eb230b825872cee23aa53c35973c85ce24d044628f9909b",
    "docs/Standards/ERROR_HANDLING.md": "e9ed6afe8b8ab41174f2382a037ff4e2364a6e6e4214e6494f0aff538c521aa2",
    "docs/Standards/EVENTARGS.md": "e6a4b802ae36afca4d862d4a768a016f09d94dd9fa7eca67bcbc9ff4dde0d94f",
    "docs/Standards/GUI.md": "021d09dec5a8281a8d4446ca5e7d50ae2c5e722c289ce12d42a136e95c25c61f",
    "docs/Standards/LANGUAGE.md": "f9fd0fee1fdb102950e9f96d33d78a7b540171e2b624ae76feeb37f34040cd45",
    "docs/Standards/LOGGING.md": "5e061356b169f1a049b7239cda711ffec481ad4c1cd7ce63b80d619856e3cea5",
    "docs/Standards/MIGRATION.md": "ac6a171dd613bbcf12c3c04a506abbc1f6b92bb8f6cbc3314e1e4cc03bb66180",
    "docs/Standards/MODULE_SEPARATION.md": "9387a045aab8979dce7e1f902f17f47b51d9a469429fbf35c04bccfc86e548ec",
    "docs/Standards/PORTABILITY.md": "f90cd683250d543215668c4213b57af733cd994281b263b26d8f637a65ba7438",
    "docs/Standards/README.md": "270609d74f17804e8b2169d0f1f3796ffff675e9cac5f00ffe939ba7f8526d51",
    "docs/Standards/REPO_STRUCTURE.md": "02e5845a621a81e625b4b779481a90a72e3d6a9e521342d189c3d6ed5507d350",
    "docs/Standards/TESTING.md": "9c166b9ddc79496900346fad42b8ea5310afd08abe78e223a1a52a00fabb68ae",
    "docs/Standards/THREAD_SAFETY.md": "9937b13b8d022fb800bc0a923b56b798b058a93ad438c6b3c0bc61f0d079646b",
    "docs/Standards/VISIBILITY.md": "e5e2105480104a3d46de03b1c51f8d3763dc8c4ce126a5d34f86247e0492148d",
    "eng/install-hooks.ps1": "ebd86aae2abbbca3065eef2708d9b7d7fd3b1ac822a7a11f4daa28bfab9783fd",
    "eng/install-hooks.sh": "1baeaf600b3e092113b937d9ce81c23e818984e14ebcb0e92ee40b984784bcd6",
    "global.json": "20c93ca7812d0a9825eef71217156f95ab2f4fe5aadfeb22ebc1c24b630018d3",
    "LICENSE": "8b0f3073d30d96051c7d8e05e7e50e4b584b04b64c8bdbb5dd95a7d459e34ea8",
    "README.md": "20ddca29f1e2d458c561c16f30aeed347c1deb4f4bb934a4bc67d364634e82dd",
    "src/ButtonPanelTester.GUI/Resources/fonts/OFL.txt": "6be04893d770899a015649c7aa3b582f871b272f8747a92b78b17c3e5c8b2573",
    "src/ButtonPanelTester.GUI/Resources/fonts/Poppins-Bold.ttf": "983676516167748b74de6f4771fb384c664fd913acb8b471122ecacf5da5ea6c",
    "src/ButtonPanelTester.GUI/Resources/fonts/Poppins-Light.ttf": "650ba57fa99d12ec40c31ccfb680be656be4497fbe14164617d67e32ffe9cd46",
    "src/ButtonPanelTester.GUI/Resources/fonts/Poppins-Medium.ttf": "90373e7d838d32468438fc3e152dca0bdb12edcab99ea639f158790b1ba1fd05",
    "src/ButtonPanelTester.GUI/Resources/fonts/Poppins-Regular.ttf": "7e65201e9b79159e2300267cc885e16c8dcef2424cdfa09a29bfb0980a94a7ba",
    "src/ButtonPanelTester.GUI/Resources/fonts/Poppins-SemiBold.ttf": "d3bf1bdaf0550e83da9ac0b1d1d9fe6db086835a83aa28578e609a394b9a0286"
  }
}